{
  "name": "sunrise-sunset.org-types",
  "version": "1.0.0",
  "lockfileVersion": 3,
  "requires": true,
  "packages": {
    "": {
      "name": "sunrise-sunset.org-types",
      "version": "1.0.0",
      "license": "MIT",
      "dependencies": {
        "@types/google.maps": "^3.55.3"
      }
    },
    "node_modules/@types/google.maps": {
      "version": "3.55.3",
      "resolved": "https://registry.npmjs.org/@types/google.maps/-/google.maps-3.55.3.tgz",
      "integrity": "sha512-UF1nfj8h/Vj4wEcdjv5v314HkDB6AWaN34Fr/u+6Oaj+GSRlG+k4c3DnJNKv7S23RvDdvIPt4ON6ONJpzNnarA=="
    }
  }
}
